
Microsoft Visual Studio Solution File, Format Version 12.00
# Visual Studio Version 16
VisualStudioVersion = 16.0.31624.102
MinimumVisualStudioVersion = 10.0.40219.1
Project("{FAE04EC0-301F-11D3-BF4B-00C04F79EFBC}") = "test_App.UWP", "test_App\test_App.UWP\test_App.UWP.csproj", "{2729D0B6-B777-4C0D-A2CB-1D093103FC75}"
EndProject
Project("{FAE04EC0-301F-11D3-BF4B-00C04F79EFBC}") = "test_App.Android", "test_App\test_App.Android\test_App.Android.csproj", "{916566D1-1453-4B8B-97F9-1FFA575BA611}"
EndProject
Project("{FAE04EC0-301F-11D3-BF4B-00C04F79EFBC}") = "test_App.iOS", "test_App\test_App.iOS\test_App.iOS.csproj", "{B96353B8-AD2D-4B39-AF52-9E13A68CE2EE}"
EndProject
Project("{FAE04EC0-301F-11D3-BF4B-00C04F79EFBC}") = "test_App", "test_App\test_App\test_App.csproj", "{E85E173F-7490-4060-8449-0879E0724383}"
EndProject
Global
	GlobalSection(SolutionConfigurationPlatforms) = preSolution
		Debug|Any CPU = Debug|Any CPU
		Debug|ARM = Debug|ARM
		Debug|iPhone = Debug|iPhone
		Debug|iPhoneSimulator = Debug|iPhoneSimulator
		Debug|x64 = Debug|x64
		Debug|x86 = Debug|x86
		Release|Any CPU = Release|Any CPU
		Release|ARM = Release|ARM
		Release|iPhone = Release|iPhone
		Release|iPhoneSimulator = Release|iPhoneSimulator
		Release|x64 = Release|x64
		Release|x86 = Release|x86
	EndGlobalSection
	GlobalSection(ProjectConfigurationPlatforms) = postSolution
		{2729D0B6-B777-4C0D-A2CB-1D093103FC75}.Debug|Any CPU.ActiveCfg = Debug|x86
		{2729D0B6-B777-4C0D-A2CB-1D093103FC75}.Debug|Any CPU.Build.0 = Debug|x86
		{2729D0B6-B777-4C0D-A2CB-1D093103FC75}.Debug|Any CPU.Deploy.0 = Debug|x86
		{2729D0B6-B777-4C0D-A2CB-1D093103FC75}.Debug|ARM.ActiveCfg = Debug|ARM
		{2729D0B6-B777-4C0D-A2CB-1D093103FC75}.Debug|ARM.Build.0 = Debug|ARM
		{2729D0B6-B777-4C0D-A2CB-1D093103FC75}.Debug|ARM.Deploy.0 = Debug|ARM
		{2729D0B6-B777-4C0D-A2CB-1D093103FC75}.Debug|iPhone.ActiveCfg = Debug|x86
		{2729D0B6-B777-4C0D-A2CB-1D093103FC75}.Debug|iPhone.Build.0 = Debug|x86
		{2729D0B6-B777-4C0D-A2CB-1D093103FC75}.Debug|iPhone.Deploy.0 = Debug|x86
		{2729D0B6-B777-4C0D-A2CB-1D093103FC75}.Debug|iPhoneSimulator.ActiveCfg = Debug|x86
		{2729D0B6-B777-4C0D-A2CB-1D093103FC75}.Debug|iPhoneSimulator.Build.0 = Debug|x86
		{2729D0B6-B777-4C0D-A2CB-1D093103FC75}.Debug|iPhoneSimulator.Deploy.0 = Debug|x86
		{2729D0B6-B777-4C0D-A2CB-1D093103FC75}.Debug|x64.ActiveCfg = Debug|x64
		{2729D0B6-B777-4C0D-A2CB-1D093103FC75}.Debug|x64.Build.0 = Debug|x64
		{2729D0B6-B777-4C0D-A2CB-1D093103FC75}.Debug|x64.Deploy.0 = Debug|x64
		{2729D0B6-B777-4C0D-A2CB-1D093103FC75}.Debug|x86.ActiveCfg = Debug|x86
		{2729D0B6-B777-4C0D-A2CB-1D093103FC75}.Debug|x86.Build.0 = Debug|x86
		{2729D0B6-B777-4C0D-A2CB-1D093103FC75}.Debug|x86.Deploy.0 = Debug|x86
		{2729D0B6-B777-4C0D-A2CB-1D093103FC75}.Release|Any CPU.ActiveCfg = Release|x86
		{2729D0B6-B777-4C0D-A2CB-1D093103FC75}.Release|Any CPU.Build.0 = Release|x86
		{2729D0B6-B777-4C0D-A2CB-1D093103FC75}.Release|Any CPU.Deploy.0 = Release|x86
		{2729D0B6-B777-4C0D-A2CB-1D093103FC75}.Release|ARM.ActiveCfg = Release|ARM
		{2729D0B6-B777-4C0D-A2CB-1D093103FC75}.Release|ARM.Build.0 = Release|ARM
		{2729D0B6-B777-4C0D-A2CB-1D093103FC75}.Release|ARM.Deploy.0 = Release|ARM
		{2729D0B6-B777-4C0D-A2CB-1D093103FC75}.Release|iPhone.ActiveCfg = Release|x86
		{2729D0B6-B777-4C0D-A2CB-1D093103FC75}.Release|iPhone.Build.0 = Release|x86
		{2729D0B6-B777-4C0D-A2CB-1D093103FC75}.Release|iPhone.Deploy.0 = Release|x86
		{2729D0B6-B777-4C0D-A2CB-1D093103FC75}.Release|iPhoneSimulator.ActiveCfg = Release|x86
		{2729D0B6-B777-4C0D-A2CB-1D093103FC75}.Release|iPhoneSimulator.Build.0 = Release|x86
		{2729D0B6-B777-4C0D-A2CB-1D093103FC75}.Release|iPhoneSimulator.Deploy.0 = Release|x86
		{2729D0B6-B777-4C0D-A2CB-1D093103FC75}.Release|x64.ActiveCfg = Release|x64
		{2729D0B6-B777-4C0D-A2CB-1D093103FC75}.Release|x64.Build.0 = Release|x64
		{2729D0B6-B777-4C0D-A2CB-1D093103FC75}.Release|x64.Deploy.0 = Release|x64
		{2729D0B6-B777-4C0D-A2CB-1D093103FC75}.Release|x86.ActiveCfg = Release|x86
		{2729D0B6-B777-4C0D-A2CB-1D093103FC75}.Release|x86.Build.0 = Release|x86
		{2729D0B6-B777-4C0D-A2CB-1D093103FC75}.Release|x86.Deploy.0 = Release|x86
		{916566D1-1453-4B8B-97F9-1FFA575BA611}.Debug|Any CPU.ActiveCfg = Debug|Any CPU
		{916566D1-1453-4B8B-97F9-1FFA575BA611}.Debug|Any CPU.Build.0 = Debug|Any CPU
		{916566D1-1453-4B8B-97F9-1FFA575BA611}.Debug|Any CPU.Deploy.0 = Debug|Any CPU
		{916566D1-1453-4B8B-97F9-1FFA575BA611}.Debug|ARM.ActiveCfg = Debug|Any CPU
		{916566D1-1453-4B8B-97F9-1FFA575BA611}.Debug|ARM.Build.0 = Debug|Any CPU
		{916566D1-1453-4B8B-97F9-1FFA575BA611}.Debug|ARM.Deploy.0 = Debug|Any CPU
		{916566D1-1453-4B8B-97F9-1FFA575BA611}.Debug|iPhone.ActiveCfg = Debug|Any CPU
		{916566D1-1453-4B8B-97F9-1FFA575BA611}.Debug|iPhone.Build.0 = Debug|Any CPU
		{916566D1-1453-4B8B-97F9-1FFA575BA611}.Debug|iPhone.Deploy.0 = Debug|Any CPU
		{916566D1-1453-4B8B-97F9-1FFA575BA611}.Debug|iPhoneSimulator.ActiveCfg = Debug|Any CPU
		{916566D1-1453-4B8B-97F9-1FFA575BA611}.Debug|iPhoneSimulator.Build.0 = Debug|Any CPU
		{916566D1-1453-4B8B-97F9-1FFA575BA611}.Debug|iPhoneSimulator.Deploy.0 = Debug|Any CPU
		{916566D1-1453-4B8B-97F9-1FFA575BA611}.Debug|x64.ActiveCfg = Debug|Any CPU
		{916566D1-1453-4B8B-97F9-1FFA575BA611}.Debug|x64.Build.0 = Debug|Any CPU
		{916566D1-1453-4B8B-97F9-1FFA575BA611}.Debug|x64.Deploy.0 = Debug|Any CPU
		{916566D1-1453-4B8B-97F9-1FFA575BA611}.Debug|x86.ActiveCfg = Debug|Any CPU
		{916566D1-1453-4B8B-97F9-1FFA575BA611}.Debug|x86.Build.0 = Debug|Any CPU
		{916566D1-1453-4B8B-97F9-1FFA575BA611}.Debug|x86.Deploy.0 = Debug|Any CPU
		{916566D1-1453-4B8B-97F9-1FFA575BA611}.Release|Any CPU.ActiveCfg = Release|Any CPU
		{916566D1-1453-4B8B-97F9-1FFA575BA611}.Release|Any CPU.Build.0 = Release|Any CPU
		{916566D1-1453-4B8B-97F9-1FFA575BA611}.Release|Any CPU.Deploy.0 = Release|Any CPU
		{916566D1-1453-4B8B-97F9-1FFA575BA611}.Release|ARM.ActiveCfg = Release|Any CPU
		{916566D1-1453-4B8B-97F9-1FFA575BA611}.Release|ARM.Build.0 = Release|Any CPU
		{916566D1-1453-4B8B-97F9-1FFA575BA611}.Release|ARM.Deploy.0 = Release|Any CPU
		{916566D1-1453-4B8B-97F9-1FFA575BA611}.Release|iPhone.ActiveCfg = Release|Any CPU
		{916566D1-1453-4B8B-97F9-1FFA575BA611}.Release|iPhone.Build.0 = Release|Any CPU
		{916566D1-1453-4B8B-97F9-1FFA575BA611}.Release|iPhone.Deploy.0 = Release|Any CPU
		{916566D1-1453-4B8B-97F9-1FFA575BA611}.Release|iPhoneSimulator.ActiveCfg = Release|Any CPU
		{916566D1-1453-4B8B-97F9-1FFA575BA611}.Release|iPhoneSimulator.Build.0 = Release|Any CPU
		{916566D1-1453-4B8B-97F9-1FFA575BA611}.Release|iPhoneSimulator.Deploy.0 = Release|Any CPU
		{916566D1-1453-4B8B-97F9-1FFA575BA611}.Release|x64.ActiveCfg = Release|Any CPU
		{916566D1-1453-4B8B-97F9-1FFA575BA611}.Release|x64.Build.0 = Release|Any CPU
		{916566D1-1453-4B8B-97F9-1FFA575BA611}.Release|x64.Deploy.0 = Release|Any CPU
		{916566D1-1453-4B8B-97F9-1FFA575BA611}.Release|x86.ActiveCfg = Release|Any CPU
		{916566D1-1453-4B8B-97F9-1FFA575BA611}.Release|x86.Build.0 = Release|Any CPU
		{916566D1-1453-4B8B-97F9-1FFA575BA611}.Release|x86.Deploy.0 = Release|Any CPU
		{B96353B8-AD2D-4B39-AF52-9E13A68CE2EE}.Debug|Any CPU.ActiveCfg = Debug|iPhoneSimulator
		{B96353B8-AD2D-4B39-AF52-9E13A68CE2EE}.Debug|Any CPU.Build.0 = Debug|iPhoneSimulator
		{B96353B8-AD2D-4B39-AF52-9E13A68CE2EE}.Debug|Any CPU.Deploy.0 = Debug|iPhoneSimulator
		{B96353B8-AD2D-4B39-AF52-9E13A68CE2EE}.Debug|ARM.ActiveCfg = Debug|iPhone
		{B96353B8-AD2D-4B39-AF52-9E13A68CE2EE}.Debug|ARM.Build.0 = Debug|iPhone
		{B96353B8-AD2D-4B39-AF52-9E13A68CE2EE}.Debug|ARM.Deploy.0 = Debug|iPhone
		{B96353B8-AD2D-4B39-AF52-9E13A68CE2EE}.Debug|iPhone.ActiveCfg = Debug|iPhone
		{B96353B8-AD2D-4B39-AF52-9E13A68CE2EE}.Debug|iPhone.Build.0 = Debug|iPhone
		{B96353B8-AD2D-4B39-AF52-9E13A68CE2EE}.Debug|iPhone.Deploy.0 = Debug|iPhone
		{B96353B8-AD2D-4B39-AF52-9E13A68CE2EE}.Debug|iPhoneSimulator.ActiveCfg = Debug|iPhoneSimulator
		{B96353B8-AD2D-4B39-AF52-9E13A68CE2EE}.Debug|iPhoneSimulator.Build.0 = Debug|iPhoneSimulator
		{B96353B8-AD2D-4B39-AF52-9E13A68CE2EE}.Debug|iPhoneSimulator.Deploy.0 = Debug|iPhoneSimulator
		{B96353B8-AD2D-4B39-AF52-9E13A68CE2EE}.Debug|x64.ActiveCfg = Debug|iPhoneSimulator
		{B96353B8-AD2D-4B39-AF52-9E13A68CE2EE}.Debug|x64.Build.0 = Debug|iPhoneSimulator
		{B96353B8-AD2D-4B39-AF52-9E13A68CE2EE}.Debug|x64.Deploy.0 = Debug|iPhoneSimulator
		{B96353B8-AD2D-4B39-AF52-9E13A68CE2EE}.Debug|x86.ActiveCfg = Debug|iPhoneSimulator
		{B96353B8-AD2D-4B39-AF52-9E13A68CE2EE}.Debug|x86.Build.0 = Debug|iPhoneSimulator
		{B96353B8-AD2D-4B39-AF52-9E13A68CE2EE}.Debug|x86.Deploy.0 = Debug|iPhoneSimulator
		{B96353B8-AD2D-4B39-AF52-9E13A68CE2EE}.Release|Any CPU.ActiveCfg = Release|iPhoneSimulator
		{B96353B8-AD2D-4B39-AF52-9E13A68CE2EE}.Release|Any CPU.Build.0 = Release|iPhoneSimulator
		{B96353B8-AD2D-4B39-AF52-9E13A68CE2EE}.Release|Any CPU.Deploy.0 = Release|iPhoneSimulator
		{B96353B8-AD2D-4B39-AF52-9E13A68CE2EE}.Release|ARM.ActiveCfg = Release|iPhoneSimulator
		{B96353B8-AD2D-4B39-AF52-9E13A68CE2EE}.Release|ARM.Build.0 = Release|iPhoneSimulator
		{B96353B8-AD2D-4B39-AF52-9E13A68CE2EE}.Release|ARM.Deploy.0 = Release|iPhoneSimulator
		{B96353B8-AD2D-4B39-AF52-9E13A68CE2EE}.Release|iPhone.ActiveCfg = Release|iPhone
		{B96353B8-AD2D-4B39-AF52-9E13A68CE2EE}.Release|iPhone.Build.0 = Release|iPhone
		{B96353B8-AD2D-4B39-AF52-9E13A68CE2EE}.Release|iPhone.Deploy.0 = Release|iPhone
		{B96353B8-AD2D-4B39-AF52-9E13A68CE2EE}.Release|iPhoneSimulator.ActiveCfg = Release|iPhoneSimulator
		{B96353B8-AD2D-4B39-AF52-9E13A68CE2EE}.Release|iPhoneSimulator.Build.0 = Release|iPhoneSimulator
		{B96353B8-AD2D-4B39-AF52-9E13A68CE2EE}.Release|iPhoneSimulator.Deploy.0 = Release|iPhoneSimulator
		{B96353B8-AD2D-4B39-AF52-9E13A68CE2EE}.Release|x64.ActiveCfg = Release|iPhoneSimulator
		{B96353B8-AD2D-4B39-AF52-9E13A68CE2EE}.Release|x64.Build.0 = Release|iPhoneSimulator
		{B96353B8-AD2D-4B39-AF52-9E13A68CE2EE}.Release|x64.Deploy.0 = Release|iPhoneSimulator
		{B96353B8-AD2D-4B39-AF52-9E13A68CE2EE}.Release|x86.ActiveCfg = Release|iPhoneSimulator
		{B96353B8-AD2D-4B39-AF52-9E13A68CE2EE}.Release|x86.Build.0 = Release|iPhoneSimulator
		{B96353B8-AD2D-4B39-AF52-9E13A68CE2EE}.Release|x86.Deploy.0 = Release|iPhoneSimulator
		{E85E173F-7490-4060-8449-0879E0724383}.Debug|Any CPU.ActiveCfg = Debug|Any CPU
		{E85E173F-7490-4060-8449-0879E0724383}.Debug|Any CPU.Build.0 = Debug|Any CPU
		{E85E173F-7490-4060-8449-0879E0724383}.Debug|Any CPU.Deploy.0 = Debug|Any CPU
		{E85E173F-7490-4060-8449-0879E0724383}.Debug|ARM.ActiveCfg = Debug|Any CPU
		{E85E173F-7490-4060-8449-0879E0724383}.Debug|ARM.Build.0 = Debug|Any CPU
		{E85E173F-7490-4060-8449-0879E0724383}.Debug|ARM.Deploy.0 = Debug|Any CPU
		{E85E173F-7490-4060-8449-0879E0724383}.Debug|iPhone.ActiveCfg = Debug|Any CPU
		{E85E173F-7490-4060-8449-0879E0724383}.Debug|iPhone.Build.0 = Debug|Any CPU
		{E85E173F-7490-4060-8449-0879E0724383}.Debug|iPhone.Deploy.0 = Debug|Any CPU
		{E85E173F-7490-4060-8449-0879E0724383}.Debug|iPhoneSimulator.ActiveCfg = Debug|Any CPU
		{E85E173F-7490-4060-8449-0879E0724383}.Debug|iPhoneSimulator.Build.0 = Debug|Any CPU
		{E85E173F-7490-4060-8449-0879E0724383}.Debug|iPhoneSimulator.Deploy.0 = Debug|Any CPU
		{E85E173F-7490-4060-8449-0879E0724383}.Debug|x64.ActiveCfg = Debug|Any CPU
		{E85E173F-7490-4060-8449-0879E0724383}.Debug|x64.Build.0 = Debug|Any CPU
		{E85E173F-7490-4060-8449-0879E0724383}.Debug|x64.Deploy.0 = Debug|Any CPU
		{E85E173F-7490-4060-8449-0879E0724383}.Debug|x86.ActiveCfg = Debug|Any CPU
		{E85E173F-7490-4060-8449-0879E0724383}.Debug|x86.Build.0 = Debug|Any CPU
		{E85E173F-7490-4060-8449-0879E0724383}.Debug|x86.Deploy.0 = Debug|Any CPU
		{E85E173F-7490-4060-8449-0879E0724383}.Release|Any CPU.ActiveCfg = Release|Any CPU
		{E85E173F-7490-4060-8449-0879E0724383}.Release|Any CPU.Build.0 = Release|Any CPU
		{E85E173F-7490-4060-8449-0879E0724383}.Release|Any CPU.Deploy.0 = Release|Any CPU
		{E85E173F-7490-4060-8449-0879E0724383}.Release|ARM.ActiveCfg = Release|Any CPU
		{E85E173F-7490-4060-8449-0879E0724383}.Release|ARM.Build.0 = Release|Any CPU
		{E85E173F-7490-4060-8449-0879E0724383}.Release|ARM.Deploy.0 = Release|Any CPU
		{E85E173F-7490-4060-8449-0879E0724383}.Release|iPhone.ActiveCfg = Release|Any CPU
		{E85E173F-7490-4060-8449-0879E0724383}.Release|iPhone.Build.0 = Release|Any CPU
		{E85E173F-7490-4060-8449-0879E0724383}.Release|iPhone.Deploy.0 = Release|Any CPU
		{E85E173F-7490-4060-8449-0879E0724383}.Release|iPhoneSimulator.ActiveCfg = Release|Any CPU
		{E85E173F-7490-4060-8449-0879E0724383}.Release|iPhoneSimulator.Build.0 = Release|Any CPU
		{E85E173F-7490-4060-8449-0879E0724383}.Release|iPhoneSimulator.Deploy.0 = Release|Any CPU
		{E85E173F-7490-4060-8449-0879E0724383}.Release|x64.ActiveCfg = Release|Any CPU
		{E85E173F-7490-4060-8449-0879E0724383}.Release|x64.Build.0 = Release|Any CPU
		{E85E173F-7490-4060-8449-0879E0724383}.Release|x64.Deploy.0 = Release|Any CPU
		{E85E173F-7490-4060-8449-0879E0724383}.Release|x86.ActiveCfg = Release|Any CPU
		{E85E173F-7490-4060-8449-0879E0724383}.Release|x86.Build.0 = Release|Any CPU
		{E85E173F-7490-4060-8449-0879E0724383}.Release|x86.Deploy.0 = Release|Any CPU
	EndGlobalSection
	GlobalSection(SolutionProperties) = preSolution
		HideSolutionNode = FALSE
	EndGlobalSection
	GlobalSection(ExtensibilityGlobals) = postSolution
		SolutionGuid = {E450CE29-B668-4F4C-B523-DA3ECC36128F}
	EndGlobalSection
EndGlobal
